
Microsoft Visual Studio Solution File, Format Version 12.00
# Visual Studio 2013
VisualStudioVersion = 12.0.21005.1
MinimumVisualStudioVersion = 10.0.40219.1
Project("{2150E333-8FDC-42A3-9474-1A3956D46DE8}") = "Client", "Client", "{51D27B96-08B1-4F5F-A466-76A78EAC5CA2}"
EndProject
Project("{2150E333-8FDC-42A3-9474-1A3956D46DE8}") = "Service", "Service", "{27668D68-411D-43CE-87EE-F90DFC2BDA7D}"
EndProject
Project("{FAE04EC0-301F-11D3-BF4B-00C04F79EFBC}") = "AppSiacpiMovil.App", "AppSiacpiMovil.App\AppSiacpiMovil.App.csproj", "{72A99E1D-8C08-4A2C-ABF4-33DBDC036F47}"
EndProject
Project("{FAE04EC0-301F-11D3-BF4B-00C04F79EFBC}") = "AppSiacpiMovil.Host", "AppSiacpiMovil.Host\AppSiacpiMovil.Host.csproj", "{7224888C-6187-416A-B6AA-8789C717BC4F}"
EndProject
Global
	GlobalSection(SolutionConfigurationPlatforms) = preSolution
		Debug|Any CPU = Debug|Any CPU
		Release|Any CPU = Release|Any CPU
	EndGlobalSection
	GlobalSection(ProjectConfigurationPlatforms) = postSolution
		{72A99E1D-8C08-4A2C-ABF4-33DBDC036F47}.Debug|Any CPU.ActiveCfg = Debug|Any CPU
		{72A99E1D-8C08-4A2C-ABF4-33DBDC036F47}.Debug|Any CPU.Build.0 = Debug|Any CPU
		{72A99E1D-8C08-4A2C-ABF4-33DBDC036F47}.Release|Any CPU.ActiveCfg = Release|Any CPU
		{72A99E1D-8C08-4A2C-ABF4-33DBDC036F47}.Release|Any CPU.Build.0 = Release|Any CPU
		{7224888C-6187-416A-B6AA-8789C717BC4F}.Debug|Any CPU.ActiveCfg = Debug|Any CPU
		{7224888C-6187-416A-B6AA-8789C717BC4F}.Debug|Any CPU.Build.0 = Debug|Any CPU
		{7224888C-6187-416A-B6AA-8789C717BC4F}.Release|Any CPU.ActiveCfg = Release|Any CPU
		{7224888C-6187-416A-B6AA-8789C717BC4F}.Release|Any CPU.Build.0 = Release|Any CPU
	EndGlobalSection
	GlobalSection(SolutionProperties) = preSolution
		HideSolutionNode = FALSE
	EndGlobalSection
	GlobalSection(NestedProjects) = preSolution
		{72A99E1D-8C08-4A2C-ABF4-33DBDC036F47} = {51D27B96-08B1-4F5F-A466-76A78EAC5CA2}
		{7224888C-6187-416A-B6AA-8789C717BC4F} = {27668D68-411D-43CE-87EE-F90DFC2BDA7D}
	EndGlobalSection
EndGlobal
